
Microsoft Visual Studio Solution File, Format Version 12.00
# Visual Studio Version 16
VisualStudioVersion = 16.0.32413.511
MinimumVisualStudioVersion = 10.0.40219.1
Project("{9A19103F-16F7-4668-BE54-9A1E7A4F7556}") = "EstudosPOO", "EstudosPOO\EstudosPOO.csproj", "{DDAE5600-03E7-4DAE-86BF-07855474A42C}"
EndProject
Project("{9A19103F-16F7-4668-BE54-9A1E7A4F7556}") = "ExercicioBanco", "ExercicioBanco\ExercicioBanco.csproj", "{8713982F-1D65-4C87-A837-79A7F7B97FE4}"
EndProject
Project("{9A19103F-16F7-4668-BE54-9A1E7A4F7556}") = "ExercicioVetores", "ExercicioVetores\ExercicioVetores.csproj", "{09945568-B6A2-4ADA-905B-90451368B23B}"
EndProject
Project("{9A19103F-16F7-4668-BE54-9A1E7A4F7556}") = "ExercicioListas", "ExercicioListas\ExercicioListas.csproj", "{3D7EBC81-E8B2-4AB3-A71D-C5249BFC8D73}"
EndProject
Project("{9A19103F-16F7-4668-BE54-9A1E7A4F7556}") = "ExercicioMatrizes", "ExercicioMatrizes\ExercicioMatrizes.csproj", "{810BB8FA-1BC4-4892-92B1-1B151ECD371C}"
EndProject
Project("{9A19103F-16F7-4668-BE54-9A1E7A4F7556}") = "EnumeracoesComposicao", "EnumeracoesComposicao\EnumeracoesComposicao.csproj", "{C966F183-7603-483B-AF12-912133168186}"
EndProject
Project("{9A19103F-16F7-4668-BE54-9A1E7A4F7556}") = "Exercicio2EnumComp", "Exercicio2EnumComp\Exercicio2EnumComp.csproj", "{C3982A98-D2DE-4305-B7E1-4DEEA255BD86}"
EndProject
Project("{9A19103F-16F7-4668-BE54-9A1E7A4F7556}") = "ExercicioDemoStringBuilder", "ExercicioDemoStringBuilder\ExercicioDemoStringBuilder.csproj", "{13058669-C593-458D-9294-79970A73B138}"
EndProject
Project("{9A19103F-16F7-4668-BE54-9A1E7A4F7556}") = "HerançaEPolimorfismo", "HerançaEPolimorfismo\HerançaEPolimorfismo.csproj", "{B99F005C-D0B8-4A26-82BD-CF5E71FA22E2}"
EndProject
Project("{FAE04EC0-301F-11D3-BF4B-00C04F79EFBC}") = "HerancaPolimorfismoExercicio", "HerancaPolimorfismoExercicio\HerancaPolimorfismoExercicio.csproj", "{A8B9CD5A-05FA-43E2-B194-DBEDEB0BEF47}"
EndProject
Project("{FAE04EC0-301F-11D3-BF4B-00C04F79EFBC}") = "HerancaPolimorfismoExercicio2", "HerancaPolimorfismoExercicio2\HerancaPolimorfismoExercicio2.csproj", "{8B35A3F6-1A18-41A0-A6CC-65863D8FF1A3}"
EndProject
Global
	GlobalSection(SolutionConfigurationPlatforms) = preSolution
		Debug|Any CPU = Debug|Any CPU
		Release|Any CPU = Release|Any CPU
	EndGlobalSection
	GlobalSection(ProjectConfigurationPlatforms) = postSolution
		{DDAE5600-03E7-4DAE-86BF-07855474A42C}.Debug|Any CPU.ActiveCfg = Debug|Any CPU
		{DDAE5600-03E7-4DAE-86BF-07855474A42C}.Debug|Any CPU.Build.0 = Debug|Any CPU
		{DDAE5600-03E7-4DAE-86BF-07855474A42C}.Release|Any CPU.ActiveCfg = Release|Any CPU
		{DDAE5600-03E7-4DAE-86BF-07855474A42C}.Release|Any CPU.Build.0 = Release|Any CPU
		{8713982F-1D65-4C87-A837-79A7F7B97FE4}.Debug|Any CPU.ActiveCfg = Debug|Any CPU
		{8713982F-1D65-4C87-A837-79A7F7B97FE4}.Debug|Any CPU.Build.0 = Debug|Any CPU
		{8713982F-1D65-4C87-A837-79A7F7B97FE4}.Release|Any CPU.ActiveCfg = Release|Any CPU
		{8713982F-1D65-4C87-A837-79A7F7B97FE4}.Release|Any CPU.Build.0 = Release|Any CPU
		{09945568-B6A2-4ADA-905B-90451368B23B}.Debug|Any CPU.ActiveCfg = Debug|Any CPU
		{09945568-B6A2-4ADA-905B-90451368B23B}.Debug|Any CPU.Build.0 = Debug|Any CPU
		{09945568-B6A2-4ADA-905B-90451368B23B}.Release|Any CPU.ActiveCfg = Release|Any CPU
		{09945568-B6A2-4ADA-905B-90451368B23B}.Release|Any CPU.Build.0 = Release|Any CPU
		{3D7EBC81-E8B2-4AB3-A71D-C5249BFC8D73}.Debug|Any CPU.ActiveCfg = Debug|Any CPU
		{3D7EBC81-E8B2-4AB3-A71D-C5249BFC8D73}.Debug|Any CPU.Build.0 = Debug|Any CPU
		{3D7EBC81-E8B2-4AB3-A71D-C5249BFC8D73}.Release|Any CPU.ActiveCfg = Release|Any CPU
		{3D7EBC81-E8B2-4AB3-A71D-C5249BFC8D73}.Release|Any CPU.Build.0 = Release|Any CPU
		{810BB8FA-1BC4-4892-92B1-1B151ECD371C}.Debug|Any CPU.ActiveCfg = Debug|Any CPU
		{810BB8FA-1BC4-4892-92B1-1B151ECD371C}.Debug|Any CPU.Build.0 = Debug|Any CPU
		{810BB8FA-1BC4-4892-92B1-1B151ECD371C}.Release|Any CPU.ActiveCfg = Release|Any CPU
		{810BB8FA-1BC4-4892-92B1-1B151ECD371C}.Release|Any CPU.Build.0 = Release|Any CPU
		{C966F183-7603-483B-AF12-912133168186}.Debug|Any CPU.ActiveCfg = Debug|Any CPU
		{C966F183-7603-483B-AF12-912133168186}.Debug|Any CPU.Build.0 = Debug|Any CPU
		{C966F183-7603-483B-AF12-912133168186}.Release|Any CPU.ActiveCfg = Release|Any CPU
		{C966F183-7603-483B-AF12-912133168186}.Release|Any CPU.Build.0 = Release|Any CPU
		{C3982A98-D2DE-4305-B7E1-4DEEA255BD86}.Debug|Any CPU.ActiveCfg = Debug|Any CPU
		{C3982A98-D2DE-4305-B7E1-4DEEA255BD86}.Debug|Any CPU.Build.0 = Debug|Any CPU
		{C3982A98-D2DE-4305-B7E1-4DEEA255BD86}.Release|Any CPU.ActiveCfg = Release|Any CPU
		{C3982A98-D2DE-4305-B7E1-4DEEA255BD86}.Release|Any CPU.Build.0 = Release|Any CPU
		{13058669-C593-458D-9294-79970A73B138}.Debug|Any CPU.ActiveCfg = Debug|Any CPU
		{13058669-C593-458D-9294-79970A73B138}.Debug|Any CPU.Build.0 = Debug|Any CPU
		{13058669-C593-458D-9294-79970A73B138}.Release|Any CPU.ActiveCfg = Release|Any CPU
		{13058669-C593-458D-9294-79970A73B138}.Release|Any CPU.Build.0 = Release|Any CPU
		{B99F005C-D0B8-4A26-82BD-CF5E71FA22E2}.Debug|Any CPU.ActiveCfg = Debug|Any CPU
		{B99F005C-D0B8-4A26-82BD-CF5E71FA22E2}.Debug|Any CPU.Build.0 = Debug|Any CPU
		{B99F005C-D0B8-4A26-82BD-CF5E71FA22E2}.Release|Any CPU.ActiveCfg = Release|Any CPU
		{B99F005C-D0B8-4A26-82BD-CF5E71FA22E2}.Release|Any CPU.Build.0 = Release|Any CPU
		{A8B9CD5A-05FA-43E2-B194-DBEDEB0BEF47}.Debug|Any CPU.ActiveCfg = Debug|Any CPU
		{A8B9CD5A-05FA-43E2-B194-DBEDEB0BEF47}.Debug|Any CPU.Build.0 = Debug|Any CPU
		{A8B9CD5A-05FA-43E2-B194-DBEDEB0BEF47}.Release|Any CPU.ActiveCfg = Release|Any CPU
		{A8B9CD5A-05FA-43E2-B194-DBEDEB0BEF47}.Release|Any CPU.Build.0 = Release|Any CPU
		{8B35A3F6-1A18-41A0-A6CC-65863D8FF1A3}.Debug|Any CPU.ActiveCfg = Debug|Any CPU
		{8B35A3F6-1A18-41A0-A6CC-65863D8FF1A3}.Debug|Any CPU.Build.0 = Debug|Any CPU
		{8B35A3F6-1A18-41A0-A6CC-65863D8FF1A3}.Release|Any CPU.ActiveCfg = Release|Any CPU
		{8B35A3F6-1A18-41A0-A6CC-65863D8FF1A3}.Release|Any CPU.Build.0 = Release|Any CPU
	EndGlobalSection
	GlobalSection(SolutionProperties) = preSolution
		HideSolutionNode = FALSE
	EndGlobalSection
	GlobalSection(ExtensibilityGlobals) = postSolution
		SolutionGuid = {05C2C569-A9A9-4820-A75C-1BB316AE5B09}
	EndGlobalSection
EndGlobal
